
Microsoft Visual Studio Solution File, Format Version 12.00
# Visual Studio 15
VisualStudioVersion = 15.0.27703.2035
MinimumVisualStudioVersion = 10.0.40219.1
Project("{FAE04EC0-301F-11D3-BF4B-00C04F79EFBC}") = "BookBazaar.Presentation", "BookBazaar.Presentation\BookBazaar.Presentation.csproj", "{B497DE93-4643-4DDF-BB4C-A462E490A6A2}"
EndProject
Project("{FAE04EC0-301F-11D3-BF4B-00C04F79EFBC}") = "BookBazaar.Entities", "BookBazaar.Entities\BookBazaar.Entities.csproj", "{CAEFB38A-38CC-42BC-AB2A-A9D94944768C}"
EndProject
Project("{FAE04EC0-301F-11D3-BF4B-00C04F79EFBC}") = "BookBazaar.Database", "BookBazaar.Database\BookBazaar.Database.csproj", "{F60CD5D1-A453-4ADB-8178-26C82B2773C3}"
EndProject
Project("{FAE04EC0-301F-11D3-BF4B-00C04F79EFBC}") = "BookBazaar.Service", "BookBazaar.Service\BookBazaar.Service.csproj", "{123278F6-6910-45CF-BBE4-2B9A5F0BBD4A}"
EndProject
Global
	GlobalSection(SolutionConfigurationPlatforms) = preSolution
		Debug|Any CPU = Debug|Any CPU
		Release|Any CPU = Release|Any CPU
	EndGlobalSection
	GlobalSection(ProjectConfigurationPlatforms) = postSolution
		{B497DE93-4643-4DDF-BB4C-A462E490A6A2}.Debug|Any CPU.ActiveCfg = Debug|Any CPU
		{B497DE93-4643-4DDF-BB4C-A462E490A6A2}.Debug|Any CPU.Build.0 = Debug|Any CPU
		{B497DE93-4643-4DDF-BB4C-A462E490A6A2}.Release|Any CPU.ActiveCfg = Release|Any CPU
		{B497DE93-4643-4DDF-BB4C-A462E490A6A2}.Release|Any CPU.Build.0 = Release|Any CPU
		{CAEFB38A-38CC-42BC-AB2A-A9D94944768C}.Debug|Any CPU.ActiveCfg = Debug|Any CPU
		{CAEFB38A-38CC-42BC-AB2A-A9D94944768C}.Debug|Any CPU.Build.0 = Debug|Any CPU
		{CAEFB38A-38CC-42BC-AB2A-A9D94944768C}.Release|Any CPU.ActiveCfg = Release|Any CPU
		{CAEFB38A-38CC-42BC-AB2A-A9D94944768C}.Release|Any CPU.Build.0 = Release|Any CPU
		{F60CD5D1-A453-4ADB-8178-26C82B2773C3}.Debug|Any CPU.ActiveCfg = Debug|Any CPU
		{F60CD5D1-A453-4ADB-8178-26C82B2773C3}.Debug|Any CPU.Build.0 = Debug|Any CPU
		{F60CD5D1-A453-4ADB-8178-26C82B2773C3}.Release|Any CPU.ActiveCfg = Release|Any CPU
		{F60CD5D1-A453-4ADB-8178-26C82B2773C3}.Release|Any CPU.Build.0 = Release|Any CPU
		{123278F6-6910-45CF-BBE4-2B9A5F0BBD4A}.Debug|Any CPU.ActiveCfg = Debug|Any CPU
		{123278F6-6910-45CF-BBE4-2B9A5F0BBD4A}.Debug|Any CPU.Build.0 = Debug|Any CPU
		{123278F6-6910-45CF-BBE4-2B9A5F0BBD4A}.Release|Any CPU.ActiveCfg = Release|Any CPU
		{123278F6-6910-45CF-BBE4-2B9A5F0BBD4A}.Release|Any CPU.Build.0 = Release|Any CPU
	EndGlobalSection
	GlobalSection(SolutionProperties) = preSolution
		HideSolutionNode = FALSE
	EndGlobalSection
	GlobalSection(ExtensibilityGlobals) = postSolution
		SolutionGuid = {7FCA07F4-D209-4A4C-8FF6-EDE503EC2831}
	EndGlobalSection
EndGlobal
